
Microsoft Visual Studio Solution File, Format Version 12.00
# Visual Studio Version 16
VisualStudioVersion = 16.0.30204.135
MinimumVisualStudioVersion = 10.0.40219.1
Project("{FAE04EC0-301F-11D3-BF4B-00C04F79EFBC}") = "NewExercise", "NewExercise\NewExercise.csproj", "{2C748672-3743-4536-A22C-F12EA2609AD3}"
EndProject
Global
	GlobalSection(SolutionConfigurationPlatforms) = preSolution
		Debug|Any CPU = Debug|Any CPU
		Release|Any CPU = Release|Any CPU
	EndGlobalSection
	GlobalSection(ProjectConfigurationPlatforms) = postSolution
		{2C748672-3743-4536-A22C-F12EA2609AD3}.Debug|Any CPU.ActiveCfg = Debug|Any CPU
		{2C748672-3743-4536-A22C-F12EA2609AD3}.Debug|Any CPU.Build.0 = Debug|Any CPU
		{2C748672-3743-4536-A22C-F12EA2609AD3}.Release|Any CPU.ActiveCfg = Release|Any CPU
		{2C748672-3743-4536-A22C-F12EA2609AD3}.Release|Any CPU.Build.0 = Release|Any CPU
	EndGlobalSection
	GlobalSection(SolutionProperties) = preSolution
		HideSolutionNode = FALSE
	EndGlobalSection
	GlobalSection(ExtensibilityGlobals) = postSolution
		SolutionGuid = {E1F1F770-C91A-4386-8743-858679C5FC27}
	EndGlobalSection
EndGlobal
